{
  "version": 4,
  "terraform_version": "0.12.19",
  "serial": 526,
  "lineage": "b3469963-870e-c74e-b1d5-24b89d74a224",
  "outputs": {},
  "resources": [
    {
      "module": "module.app",
      "mode": "data",
      "type": "aws_ami",
      "name": "amazon_linux",
      "provider": "module.app.provider.aws",
      "instances": [
        {
          "schema_version": 0,
          "attributes": {
            "architecture": "x86_64",
            "block_device_mappings": [
              {
                "device_name": "/dev/xvda",
                "ebs": {
                  "delete_on_termination": "true",
                  "encrypted": "false",
                  "iops": "0",
                  "snapshot_id": "snap-01e179b460fd4d786",
                  "volume_size": "8",
                  "volume_type": "gp2"
                },
                "no_device": "",
                "virtual_name": ""
              }
            ],
            "creation_date": "2019-12-18T01:33:14.000Z",
            "description": "Amazon Linux 2 AMI 2.0.20191217.0 x86_64 HVM gp2",
            "executable_users": null,
            "filter": [
              {
                "name": "name",
                "values": [
                  "amzn2-ami-hvm-2.0*"
                ]
              },
              {
                "name": "virtualization-type",
                "values": [
                  "hvm"
                ]
              }
            ],
            "hypervisor": "xen",
            "id": "ami-05c64f7b4062b0a21",
            "image_id": "ami-05c64f7b4062b0a21",
            "image_location": "amazon/amzn2-ami-hvm-2.0.20191217.0-x86_64-gp2",
            "image_owner_alias": "amazon",
            "image_type": "machine",
            "kernel_id": null,
            "most_recent": true,
            "name": "amzn2-ami-hvm-2.0.20191217.0-x86_64-gp2",
            "name_regex": null,
            "owner_id": "137112412989",
            "owners": [
              "amazon"
            ],
            "platform": null,
            "product_codes": [],
            "public": true,
            "ramdisk_id": null,
            "root_device_name": "/dev/xvda",
            "root_device_type": "ebs",
            "root_snapshot_id": "snap-01e179b460fd4d786",
            "sriov_net_support": "simple",
            "state": "available",
            "state_reason": {
              "code": "UNSET",
              "message": "UNSET"
            },
            "tags": {},
            "virtualization_type": "hvm"
          }
        }
      ]
    },
    {
      "module": "module.app",
      "mode": "data",
      "type": "aws_iam_policy",
      "name": "ReadOnlyAccess",
      "provider": "module.app.provider.aws",
      "instances": [
        {
          "schema_version": 0,
          "attributes": {
            "arn": "arn:aws:iam::aws:policy/ReadOnlyAccess",
            "description": "Provides read-only access to AWS services and resources.",
            "id": "arn:aws:iam::aws:policy/ReadOnlyAccess",
            "name": "ReadOnlyAccess",
            "path": "/",
            "policy": "{\n  \"Version\": \"2012-10-17\",\n  \"Statement\": [\n    {\n      \"Action\": [\n        \"a4b:Get*\",\n        \"a4b:List*\",\n        \"a4b:Describe*\",\n        \"a4b:Search*\",\n        \"acm:Describe*\",\n        \"acm:Get*\",\n        \"acm:List*\",\n        \"acm-pca:Describe*\",\n        \"acm-pca:Get*\",\n        \"acm-pca:List*\",\n        \"amplify:GetApp\",\n        \"amplify:GetBranch\",\n        \"amplify:GetJob\",\n        \"amplify:GetDomainAssociation\",\n        \"amplify:ListApps\",\n        \"amplify:ListBranches\",\n        \"amplify:ListDomainAssociations\",\n        \"amplify:ListJobs\",\n        \"apigateway:GET\",\n        \"application-autoscaling:Describe*\",\n        \"appmesh:Describe*\",\n        \"appmesh:List*\",\n        \"appstream:Describe*\",\n        \"appstream:Get*\",\n        \"appstream:List*\",\n        \"appsync:Get*\",\n        \"appsync:List*\",\n        \"autoscaling:Describe*\",\n        \"autoscaling-plans:Describe*\",\n        \"autoscaling-plans:GetScalingPlanResourceForecastData\",\n        \"athena:List*\",\n        \"athena:Batch*\",\n        \"athena:Get*\",\n        \"backup:Describe*\",\n        \"backup:Get*\",\n        \"backup:List*\",\n        \"batch:List*\",\n        \"batch:Describe*\",\n        \"cloud9:Describe*\",\n        \"cloud9:List*\",\n        \"clouddirectory:List*\",\n        \"clouddirectory:BatchRead\",\n        \"clouddirectory:Get*\",\n        \"clouddirectory:LookupPolicy\",\n        \"cloudformation:Describe*\",\n        \"cloudformation:Detect*\",\n        \"cloudformation:Get*\",\n        \"cloudformation:List*\",\n        \"cloudformation:Estimate*\",\n        \"cloudformation:Preview*\",\n        \"cloudfront:Get*\",\n        \"cloudfront:List*\",\n        \"cloudhsm:List*\",\n        \"cloudhsm:Describe*\",\n        \"cloudhsm:Get*\",\n        \"cloudsearch:Describe*\",\n        \"cloudsearch:List*\",\n        \"cloudtrail:Describe*\",\n        \"cloudtrail:Get*\",\n        \"cloudtrail:List*\",\n        \"cloudtrail:LookupEvents\",\n        \"cloudwatch:Describe*\",\n        \"cloudwatch:Get*\",\n        \"cloudwatch:List*\",\n        \"codebuild:BatchGet*\",\n        \"codebuild:List*\",\n        \"codecommit:BatchGet*\",\n        \"codecommit:Describe*\",\n        \"codecommit:Get*\",\n        \"codecommit:GitPull\",\n        \"codecommit:List*\",\n        \"codedeploy:BatchGet*\",\n        \"codedeploy:Get*\",\n        \"codedeploy:List*\",\n        \"codepipeline:List*\",\n        \"codepipeline:Get*\",\n        \"codestar:List*\",\n        \"codestar:Describe*\",\n        \"codestar:Get*\",\n        \"codestar:Verify*\",\n        \"cognito-identity:Describe*\",\n        \"cognito-identity:GetCredentialsForIdentity\",\n        \"cognito-identity:GetIdentityPoolRoles\",\n        \"cognito-identity:GetOpenIdToken\",\n        \"cognito-identity:GetOpenIdTokenForDeveloperIdentity\",\n        \"cognito-identity:List*\",\n        \"cognito-identity:Lookup*\",\n        \"cognito-sync:List*\",\n        \"cognito-sync:Describe*\",\n        \"cognito-sync:Get*\",\n        \"cognito-sync:QueryRecords\",\n        \"cognito-idp:AdminGet*\",\n        \"cognito-idp:AdminList*\",\n        \"cognito-idp:List*\",\n        \"cognito-idp:Describe*\",\n        \"cognito-idp:Get*\",\n        \"config:Deliver*\",\n        \"config:Describe*\",\n        \"config:Get*\",\n        \"config:List*\",\n        \"connect:List*\",\n        \"connect:Describe*\",\n        \"connect:GetFederationToken\",\n        \"dataexchange:Get*\",\n        \"dataexchange:List*\",\n        \"datasync:Describe*\",\n        \"datasync:List*\",\n        \"datapipeline:Describe*\",\n        \"datapipeline:EvaluateExpression\",\n        \"datapipeline:Get*\",\n        \"datapipeline:List*\",\n        \"datapipeline:QueryObjects\",\n        \"datapipeline:Validate*\",\n        \"dax:BatchGetItem\",\n        \"dax:Describe*\",\n        \"dax:GetItem\",\n        \"dax:ListTags\",\n        \"dax:Query\",\n        \"dax:Scan\",\n        \"directconnect:Describe*\",\n        \"devicefarm:List*\",\n        \"devicefarm:Get*\",\n        \"discovery:Describe*\",\n        \"discovery:List*\",\n        \"discovery:Get*\",\n        \"dlm:Get*\",\n        \"dms:Describe*\",\n        \"dms:List*\",\n        \"dms:Test*\",\n        \"ds:Check*\",\n        \"ds:Describe*\",\n        \"ds:Get*\",\n        \"ds:List*\",\n        \"ds:Verify*\",\n        \"dynamodb:BatchGet*\",\n        \"dynamodb:Describe*\",\n        \"dynamodb:Get*\",\n        \"dynamodb:List*\",\n        \"dynamodb:Query\",\n        \"dynamodb:Scan\",\n        \"ec2:Describe*\",\n        \"ec2:Get*\",\n        \"ec2:SearchTransitGatewayRoutes\",\n        \"ec2messages:Get*\",\n        \"ecr:BatchCheck*\",\n        \"ecr:BatchGet*\",\n        \"ecr:Describe*\",\n        \"ecr:Get*\",\n        \"ecr:List*\",\n        \"ecs:Describe*\",\n        \"ecs:List*\",\n        \"eks:DescribeCluster\",\n        \"eks:DescribeUpdate\",\n        \"eks:ListClusters\",\n        \"eks:ListUpdates\",\n        \"elasticache:Describe*\",\n        \"elasticache:List*\",\n        \"elasticbeanstalk:Check*\",\n        \"elasticbeanstalk:Describe*\",\n        \"elasticbeanstalk:List*\",\n        \"elasticbeanstalk:Request*\",\n        \"elasticbeanstalk:Retrieve*\",\n        \"elasticbeanstalk:Validate*\",\n        \"elasticfilesystem:Describe*\",\n        \"elasticloadbalancing:Describe*\",\n        \"elasticmapreduce:Describe*\",\n        \"elasticmapreduce:List*\",\n        \"elasticmapreduce:View*\",\n        \"elastictranscoder:List*\",\n        \"elastictranscoder:Read*\",\n        \"es:Describe*\",\n        \"es:List*\",\n        \"es:Get*\",\n        \"es:ESHttpGet\",\n        \"es:ESHttpHead\",\n        \"events:Describe*\",\n        \"events:List*\",\n        \"events:Test*\",\n        \"firehose:Describe*\",\n        \"firehose:List*\",\n        \"fsx:Describe*\",\n        \"fsx:List*\",\n        \"gamelift:List*\",\n        \"gamelift:Get*\",\n        \"gamelift:Describe*\",\n        \"gamelift:RequestUploadCredentials\",\n        \"gamelift:ResolveAlias\",\n        \"gamelift:Search*\",\n        \"glacier:List*\",\n        \"glacier:Describe*\",\n        \"glacier:Get*\",\n        \"globalaccelerator:Describe*\",\n        \"globalaccelerator:List*\",\n        \"glue:BatchGetPartition\",\n        \"glue:GetCatalogImportStatus\",\n        \"glue:GetClassifier\",\n        \"glue:GetClassifiers\",\n        \"glue:GetCrawler\",\n        \"glue:GetCrawlers\",\n        \"glue:GetCrawlerMetrics\",\n        \"glue:GetDatabase\",\n        \"glue:GetDatabases\",\n        \"glue:GetDataCatalogEncryptionSettings\",\n        \"glue:GetDataflowGraph\",\n        \"glue:GetDevEndpoint\",\n        \"glue:GetDevEndpoints\",\n        \"glue:GetJob\",\n        \"glue:GetJobs\",\n        \"glue:GetJobRun\",\n        \"glue:GetJobRuns\",\n        \"glue:GetPartition\",\n        \"glue:GetPartitions\",\n        \"glue:GetPlan\",\n        \"glue:GetResourcePolicy\",\n        \"glue:GetSecurityConfiguration\",\n        \"glue:GetSecurityConfigurations\",\n        \"glue:GetTable\",\n        \"glue:GetTables\",\n        \"glue:GetTableVersion\",\n        \"glue:GetTableVersions\",\n        \"glue:GetTags\",\n        \"glue:GetTrigger\",\n        \"glue:GetTriggers\",\n        \"glue:GetUserDefinedFunction\",\n        \"glue:GetUserDefinedFunctions\",\n        \"greengrass:Get*\",\n        \"greengrass:List*\",\n        \"guardduty:Get*\",\n        \"guardduty:List*\",\n        \"health:Describe*\",\n        \"health:Get*\",\n        \"health:List*\",\n        \"iam:Generate*\",\n        \"iam:Get*\",\n        \"iam:List*\",\n        \"iam:Simulate*\",\n        \"importexport:Get*\",\n        \"importexport:List*\",\n        \"inspector:Describe*\",\n        \"inspector:Get*\",\n        \"inspector:List*\",\n        \"inspector:Preview*\",\n        \"inspector:LocalizeText\",\n        \"iot:Describe*\",\n        \"iot:Get*\",\n        \"iot:List*\",\n        \"iotanalytics:Describe*\",\n        \"iotanalytics:List*\",\n        \"iotanalytics:Get*\",\n        \"iotanalytics:SampleChannelData\",\n        \"kafka:Describe*\",\n        \"kafka:List*\",\n        \"kafka:Get*\",\n        \"kinesisanalytics:Describe*\",\n        \"kinesisanalytics:Discover*\",\n        \"kinesisanalytics:Get*\",\n        \"kinesisanalytics:List*\",\n        \"kinesisvideo:Describe*\",\n        \"kinesisvideo:Get*\",\n        \"kinesisvideo:List*\",\n        \"kinesis:Describe*\",\n        \"kinesis:Get*\",\n        \"kinesis:List*\",\n        \"kms:Describe*\",\n        \"kms:Get*\",\n        \"kms:List*\",\n        \"lambda:List*\",\n        \"lambda:Get*\",\n        \"lex:Get*\",\n        \"lightsail:GetActiveNames\",\n        \"lightsail:GetBlueprints\",\n        \"lightsail:GetBundles\",\n        \"lightsail:GetCloudFormationStackRecords\",\n        \"lightsail:GetDisk\",\n        \"lightsail:GetDisks\",\n        \"lightsail:GetDiskSnapshot\",\n        \"lightsail:GetDiskSnapshots\",\n        \"lightsail:GetDomain\",\n        \"lightsail:GetDomains\",\n        \"lightsail:GetExportSnapshotRecords\",\n        \"lightsail:GetInstance\",\n        \"lightsail:GetInstanceMetricData\",\n        \"lightsail:GetInstancePortStates\",\n        \"lightsail:GetInstances\",\n        \"lightsail:GetInstanceSnapshot\",\n        \"lightsail:GetInstanceSnapshots\",\n        \"lightsail:GetInstanceState\",\n        \"lightsail:GetKeyPair\",\n        \"lightsail:GetKeyPairs\",\n        \"lightsail:GetLoadBalancer\",\n        \"lightsail:GetLoadBalancerMetricData\",\n        \"lightsail:GetLoadBalancers\",\n        \"lightsail:GetLoadBalancerTlsCertificates\",\n        \"lightsail:GetOperation\",\n        \"lightsail:GetOperations\",\n        \"lightsail:GetOperationsForResource\",\n        \"lightsail:GetRegions\",\n        \"lightsail:GetRelationalDatabase\",\n        \"lightsail:GetRelationalDatabaseBlueprints\",\n        \"lightsail:GetRelationalDatabaseBundles\",\n        \"lightsail:GetRelationalDatabaseEvents\",\n        \"lightsail:GetRelationalDatabaseLogEvents\",\n        \"lightsail:GetRelationalDatabaseLogStreams\",\n        \"lightsail:GetRelationalDatabaseMetricData\",\n        \"lightsail:GetRelationalDatabaseParameters\",\n        \"lightsail:GetRelationalDatabases\",\n        \"lightsail:GetRelationalDatabaseSnapshot\",\n        \"lightsail:GetRelationalDatabaseSnapshots\",\n        \"lightsail:GetStaticIp\",\n        \"lightsail:GetStaticIps\",\n        \"lightsail:Is*\",\n        \"lightsail:List*\",\n        \"logs:Describe*\",\n        \"logs:Get*\",\n        \"logs:FilterLogEvents\",\n        \"logs:ListTagsLogGroup\",\n        \"logs:StartQuery\",\n        \"logs:TestMetricFilter\",\n        \"machinelearning:Describe*\",\n        \"machinelearning:Get*\",\n        \"mediaconvert:DescribeEndpoints\",\n        \"mediaconvert:Get*\",\n        \"mediaconvert:List*\",\n        \"mediapackage:List*\",\n        \"mediapackage:Describe*\",\n        \"mgh:Describe*\",\n        \"mgh:List*\",\n        \"mobileanalytics:Get*\",\n        \"mobilehub:Describe*\",\n        \"mobilehub:Export*\",\n        \"mobilehub:Generate*\",\n        \"mobilehub:Get*\",\n        \"mobilehub:List*\",\n        \"mobilehub:Validate*\",\n        \"mobilehub:Verify*\",\n        \"mobiletargeting:Get*\",\n        \"mq:Describe*\",\n        \"mq:List*\",\n        \"opsworks:Describe*\",\n        \"opsworks:Get*\",\n        \"opsworks-cm:Describe*\",\n        \"organizations:Describe*\",\n        \"organizations:List*\",\n        \"personalize:Describe*\",\n        \"personalize:Get*\",\n        \"personalize:List*\",\n        \"pi:DescribeDimensionKeys\",\n        \"pi:GetResourceMetrics\",\n        \"polly:Describe*\",\n        \"polly:Get*\",\n        \"polly:List*\",\n        \"polly:SynthesizeSpeech\",\n        \"rekognition:CompareFaces\",\n        \"rekognition:Detect*\",\n        \"rekognition:List*\",\n        \"rekognition:Search*\",\n        \"rds:Describe*\",\n        \"rds:List*\",\n        \"rds:Download*\",\n        \"redshift:Describe*\",\n        \"redshift:GetReservedNodeExchangeOfferings\",\n        \"redshift:View*\",\n        \"resource-groups:Describe*\",\n        \"resource-groups:Get*\",\n        \"resource-groups:List*\",\n        \"resource-groups:Search*\",\n        \"robomaker:BatchDescribe*\",\n        \"robomaker:Describe*\",\n        \"robomaker:List*\",\n        \"route53:Get*\",\n        \"route53:List*\",\n        \"route53:Test*\",\n        \"route53domains:Check*\",\n        \"route53domains:Get*\",\n        \"route53domains:List*\",\n        \"route53domains:View*\",\n        \"route53resolver:Get*\",\n        \"route53resolver:List*\",\n        \"s3:Get*\",\n        \"s3:List*\",\n        \"s3:Head*\",\n        \"sagemaker:Describe*\",\n        \"sagemaker:GetSearchSuggestions\",\n        \"sagemaker:List*\",\n        \"sagemaker:Search\",\n        \"sdb:Get*\",\n        \"sdb:List*\",\n        \"sdb:Select*\",\n        \"secretsmanager:List*\",\n        \"secretsmanager:Describe*\",\n        \"secretsmanager:GetResourcePolicy\",\n        \"securityhub:Describe*\",\n        \"securityhub:Get*\",\n        \"securityhub:List*\",\n        \"serverlessrepo:List*\",\n        \"serverlessrepo:Get*\",\n        \"serverlessrepo:SearchApplications\",\n        \"servicecatalog:List*\",\n        \"servicecatalog:Scan*\",\n        \"servicecatalog:Search*\",\n        \"servicecatalog:Describe*\",\n        \"servicediscovery:Get*\",\n        \"servicediscovery:List*\",\n        \"servicequotas:GetAssociationForServiceQuotaTemplate\",\n        \"servicequotas:GetAWSDefaultServiceQuota\",\n        \"servicequotas:GetRequestedServiceQuotaChange\",\n        \"servicequotas:GetServiceQuota\",\n        \"servicequotas:GetServiceQuotaIncreaseRequestFromTemplate\",\n        \"servicequotas:ListAWSDefaultServiceQuotas\",\n        \"servicequotas:ListRequestedServiceQuotaChangeHistory\",\n        \"servicequotas:ListRequestedServiceQuotaChangeHistoryByQuota\",\n        \"servicequotas:ListServices\",\n        \"servicequotas:ListServiceQuotas\",\n        \"servicequotas:ListServiceQuotaIncreaseRequestsInTemplate\",\n        \"ses:Get*\",\n        \"ses:List*\",\n        \"ses:Describe*\",\n        \"shield:Describe*\",\n        \"shield:Get*\",\n        \"shield:List*\",\n        \"snowball:Get*\",\n        \"snowball:Describe*\",\n        \"snowball:List*\",\n        \"sns:Get*\",\n        \"sns:List*\",\n        \"sns:Check*\",\n        \"sqs:Get*\",\n        \"sqs:List*\",\n        \"sqs:Receive*\",\n        \"ssm:Describe*\",\n        \"ssm:Get*\",\n        \"ssm:List*\",\n        \"states:List*\",\n        \"states:Describe*\",\n        \"states:GetExecutionHistory\",\n        \"storagegateway:Describe*\",\n        \"storagegateway:List*\",\n        \"sts:Get*\",\n        \"swf:Count*\",\n        \"swf:Describe*\",\n        \"swf:Get*\",\n        \"swf:List*\",\n        \"tag:Get*\",\n        \"transfer:Describe*\",\n        \"transfer:List*\",\n        \"transfer:TestIdentityProvider\",\n        \"transcribe:Get*\",\n        \"transcribe:List*\",\n        \"trustedadvisor:Describe*\",\n        \"waf:Get*\",\n        \"waf:List*\",\n        \"waf-regional:List*\",\n        \"waf-regional:Get*\",\n        \"workdocs:Describe*\",\n        \"workdocs:Get*\",\n        \"workdocs:CheckAlias\",\n        \"worklink:Describe*\",\n        \"worklink:List*\",\n        \"workmail:Describe*\",\n        \"workmail:Get*\",\n        \"workmail:List*\",\n        \"workmail:Search*\",\n        \"workspaces:Describe*\",\n        \"xray:BatchGet*\",\n        \"xray:Get*\",\n        \"ram:Get*\",\n        \"ram:List*\",\n        \"eks:List*\",\n        \"eks:Describe*\",\n        \"config:select-resource-config\",\n        \"mgh:GetHomeRegion\",\n        \"elemental-appliances-software:List*\",\n        \"elemental-appliances-software:Get*\"\n      ],\n      \"Effect\": \"Allow\",\n      \"Resource\": \"*\"\n    }\n  ]\n}"
          }
        }
      ]
    },
    {
      "module": "module.app",
      "mode": "managed",
      "type": "aws_db_instance",
      "name": "postgre",
      "provider": "module.app.provider.aws",
      "instances": [
        {
          "schema_version": 0,
          "attributes": {
            "address": "terraform-20200122194205617700000004.cszxauuyhmah.ap-southeast-1.rds.amazonaws.com",
            "allocated_storage": 20,
            "allow_major_version_upgrade": null,
            "apply_immediately": null,
            "arn": "arn:aws:rds:ap-southeast-1:438723512299:db:terraform-20200122194205617700000004",
            "auto_minor_version_upgrade": true,
            "availability_zone": "ap-southeast-1a",
            "backup_retention_period": 0,
            "backup_window": "21:30-22:00",
            "ca_cert_identifier": "rds-ca-2019",
            "character_set_name": null,
            "copy_tags_to_snapshot": false,
            "db_subnet_group_name": "main",
            "deletion_protection": false,
            "domain": "",
            "domain_iam_role_name": "",
            "enabled_cloudwatch_logs_exports": [],
            "endpoint": "terraform-20200122194205617700000004.cszxauuyhmah.ap-southeast-1.rds.amazonaws.com:5432",
            "engine": "postgres",
            "engine_version": "11.5",
            "final_snapshot_identifier": null,
            "hosted_zone_id": "Z2G0U3KFCY8NZ5",
            "iam_database_authentication_enabled": false,
            "id": "terraform-20200122194205617700000004",
            "identifier": "terraform-20200122194205617700000004",
            "identifier_prefix": null,
            "instance_class": "db.t2.micro",
            "iops": 0,
            "kms_key_id": "",
            "license_model": "postgresql-license",
            "maintenance_window": "wed:18:07-wed:18:37",
            "max_allocated_storage": 0,
            "monitoring_interval": 0,
            "monitoring_role_arn": "",
            "multi_az": false,
            "name": "mydb",
            "option_group_name": "default:postgres-11",
            "parameter_group_name": "default.postgres11",
            "password": "H77mzB9m",
            "performance_insights_enabled": false,
            "performance_insights_kms_key_id": "",
            "performance_insights_retention_period": 0,
            "port": 5432,
            "publicly_accessible": true,
            "replicas": [],
            "replicate_source_db": "",
            "resource_id": "db-IHHENXMA7XPGNHX2QIZDLCSPIY",
            "s3_import": [],
            "security_group_names": [],
            "skip_final_snapshot": true,
            "snapshot_identifier": null,
            "status": "available",
            "storage_encrypted": false,
            "storage_type": "gp2",
            "tags": {},
            "timeouts": null,
            "timezone": "",
            "username": "dat",
            "vpc_security_group_ids": [
              "sg-0341a1317e4b5090a"
            ]
          },
          "private": "eyJlMmJmYjczMC1lY2FhLTExZTYtOGY4OC0zNDM2M2JjN2M0YzAiOnsiY3JlYXRlIjoyNDAwMDAwMDAwMDAwLCJkZWxldGUiOjI0MDAwMDAwMDAwMDAsInVwZGF0ZSI6NDgwMDAwMDAwMDAwMH19",
          "dependencies": [
            "module.app.aws_db_subnet_group.prod_subnet_public_1",
            "module.app.aws_security_group.database_connection_allowed",
            "module.app.aws_subnet.prod_subnet_public_1",
            "module.app.aws_subnet.prod_subnet_public_2",
            "module.app.aws_vpc.prod_vpc",
            "module.app.random_password.password"
          ]
        }
      ]
    },
    {
      "module": "module.app",
      "mode": "managed",
      "type": "aws_db_subnet_group",
      "name": "prod_subnet_public_1",
      "provider": "module.app.provider.aws",
      "instances": [
        {
          "schema_version": 0,
          "attributes": {
            "arn": "arn:aws:rds:ap-southeast-1:438723512299:subgrp:main",
            "description": "Managed by Terraform",
            "id": "main",
            "name": "main",
            "name_prefix": null,
            "subnet_ids": [
              "subnet-0a00410348dcf61c1",
              "subnet-0dff0a617b5f7e9ed"
            ],
            "tags": {
              "Name": "My DB subnet group"
            }
          },
          "private": "bnVsbA==",
          "dependencies": [
            "module.app.aws_subnet.prod_subnet_public_1",
            "module.app.aws_subnet.prod_subnet_public_2",
            "module.app.aws_vpc.prod_vpc"
          ]
        }
      ]
    },
    {
      "module": "module.app",
      "mode": "managed",
      "type": "aws_iam_instance_profile",
      "name": "test_profile",
      "provider": "module.app.provider.aws",
      "instances": [
        {
          "schema_version": 0,
          "attributes": {
            "arn": "arn:aws:iam::438723512299:instance-profile/test_profile",
            "create_date": "2020-01-22T19:41:57Z",
            "id": "test_profile",
            "name": "test_profile",
            "name_prefix": null,
            "path": "/",
            "role": "testing",
            "roles": [
              "testing"
            ],
            "unique_id": "AIPAWMJPVQ7VYEZWCIVGJ"
          },
          "private": "bnVsbA==",
          "dependencies": [
            "module.app.aws_iam_role.role"
          ]
        }
      ]
    },
    {
      "module": "module.app",
      "mode": "managed",
      "type": "aws_iam_role",
      "name": "role",
      "provider": "module.app.provider.aws",
      "instances": [
        {
          "schema_version": 0,
          "attributes": {
            "arn": "arn:aws:iam::438723512299:role/testing",
            "assume_role_policy": "{\"Version\":\"2012-10-17\",\"Statement\":[{\"Sid\":\"\",\"Effect\":\"Allow\",\"Principal\":{\"Service\":\"ec2.amazonaws.com\"},\"Action\":\"sts:AssumeRole\"}]}",
            "create_date": "2020-01-22T19:41:55Z",
            "description": "",
            "force_detach_policies": false,
            "id": "testing",
            "max_session_duration": 3600,
            "name": "testing",
            "name_prefix": null,
            "path": "/",
            "permissions_boundary": null,
            "tags": {},
            "unique_id": "AROAWMJPVQ7VUMBLINOQJ"
          },
          "private": "bnVsbA=="
        }
      ]
    },
    {
      "module": "module.app",
      "mode": "managed",
      "type": "aws_iam_role_policy_attachment",
      "name": "sto-readonly-role-policy-attach",
      "provider": "module.app.provider.aws",
      "instances": [
        {
          "schema_version": 0,
          "attributes": {
            "id": "testing-20200122194157702300000001",
            "policy_arn": "arn:aws:iam::aws:policy/ReadOnlyAccess",
            "role": "testing"
          },
          "private": "bnVsbA==",
          "dependencies": [
            "module.app.aws_iam_role.role"
          ]
        }
      ]
    },
    {
      "module": "module.app",
      "mode": "managed",
      "type": "aws_instance",
      "name": "web",
      "provider": "module.app.provider.aws",
      "instances": [
        {
          "schema_version": 1,
          "attributes": {
            "ami": "ami-05c64f7b4062b0a21",
            "arn": "arn:aws:ec2:ap-southeast-1:438723512299:instance/i-077689d9b0f6d9827",
            "associate_public_ip_address": true,
            "availability_zone": "ap-southeast-1a",
            "cpu_core_count": 1,
            "cpu_threads_per_core": 1,
            "credit_specification": [
              {
                "cpu_credits": "standard"
              }
            ],
            "disable_api_termination": false,
            "ebs_block_device": [],
            "ebs_optimized": false,
            "ephemeral_block_device": [],
            "get_password_data": false,
            "host_id": null,
            "iam_instance_profile": "test_profile",
            "id": "i-077689d9b0f6d9827",
            "instance_initiated_shutdown_behavior": null,
            "instance_state": "running",
            "instance_type": "t2.micro",
            "ipv6_address_count": 0,
            "ipv6_addresses": [],
            "key_name": "ap_southeast_1_key_pair",
            "monitoring": false,
            "network_interface": [],
            "network_interface_id": null,
            "password_data": "",
            "placement_group": "",
            "primary_network_interface_id": "eni-0b2ceec679363d59a",
            "private_dns": "ip-10-63-1-155.ap-southeast-1.compute.internal",
            "private_ip": "10.63.1.155",
            "public_dns": "ec2-3-1-221-212.ap-southeast-1.compute.amazonaws.com",
            "public_ip": "3.1.221.212",
            "root_block_device": [
              {
                "delete_on_termination": true,
                "encrypted": false,
                "iops": 100,
                "kms_key_id": "",
                "volume_id": "vol-0ebaff8d52d5df0cd",
                "volume_size": 16,
                "volume_type": "gp2"
              }
            ],
            "security_groups": [],
            "source_dest_check": true,
            "subnet_id": "subnet-0a00410348dcf61c1",
            "tags": {},
            "tenancy": "default",
            "timeouts": null,
            "user_data": null,
            "user_data_base64": null,
            "volume_tags": {},
            "vpc_security_group_ids": [
              "sg-0e740e6a59cd19cde"
            ]
          },
          "private": "eyJlMmJmYjczMC1lY2FhLTExZTYtOGY4OC0zNDM2M2JjN2M0YzAiOnsiY3JlYXRlIjo2MDAwMDAwMDAwMDAsImRlbGV0ZSI6MTIwMDAwMDAwMDAwMCwidXBkYXRlIjo2MDAwMDAwMDAwMDB9LCJzY2hlbWFfdmVyc2lvbiI6IjEifQ==",
          "dependencies": [
            "module.app.aws_db_instance.postgre",
            "module.app.aws_iam_instance_profile.test_profile",
            "module.app.aws_key_pair.ap_southeast_1_key_pair",
            "module.app.aws_security_group.ssh_http_allowed",
            "module.app.aws_ssm_parameter.mydb_password",
            "module.app.aws_subnet.prod_subnet_public_1"
          ]
        }
      ]
    },
    {
      "module": "module.app",
      "mode": "managed",
      "type": "aws_internet_gateway",
      "name": "prod_igw",
      "provider": "module.app.provider.aws",
      "instances": [
        {
          "schema_version": 0,
          "attributes": {
            "id": "igw-0fb273a5a9ea33793",
            "owner_id": "438723512299",
            "tags": {},
            "vpc_id": "vpc-02397d6bb3322111a"
          },
          "private": "bnVsbA==",
          "dependencies": [
            "module.app.aws_vpc.prod_vpc"
          ]
        }
      ]
    },
    {
      "module": "module.app",
      "mode": "managed",
      "type": "aws_key_pair",
      "name": "ap_southeast_1_key_pair",
      "provider": "module.app.provider.aws",
      "instances": [
        {
          "schema_version": 1,
          "attributes": {
            "fingerprint": "39:db:66:23:4e:c9:9a:03:9e:d3:a5:69:79:76:99:e4",
            "id": "ap_southeast_1_key_pair",
            "key_name": "ap_southeast_1_key_pair",
            "key_name_prefix": null,
            "public_key": "ssh-rsa AAAAB3NzaC1yc2EAAAADAQABAAABAQDkyN7PDi50Xxn7U7hcpC+fhfVUtBbu+q530flXQoEkRHZvrvh+C6991mi9GYxrBlsJGSYgn8cJjQU1caAA4lQxjaOIlv+Ixjc+1Zdb3G77vcEG+uExfu/LoeZI+znOYxhVimjEjS2ac7/zJBbxdskrdM53vI3kXg6AYWWQ1tvOEA6HtbCjFqt3jUbSsVDmaNT2AHlMLwUYPK9KIV0EqLNe275WBEv9O3AuF6zqYqLARmul+UWVyqAZN+H3IBvsWkGLvvWZqFLqi37BhQTazw7SZY0I6x/Lw6hyCaCuy+kGKRoq4Ulpta0I9QwO9dTQgISnMM1Iam2syfJ8B8S+uwTb dat@dat-Latitude-5480"
          },
          "private": "eyJzY2hlbWFfdmVyc2lvbiI6IjEifQ=="
        }
      ]
    },
    {
      "module": "module.app",
      "mode": "managed",
      "type": "aws_kms_ciphertext",
      "name": "mydb_password",
      "provider": "module.app.provider.aws",
      "instances": [
        {
          "schema_version": 0,
          "attributes": {
            "ciphertext_blob": "AQICAHhNJ5T0I4zA+im6Vx152ELxxOL1lSDbqGVvk/OvAMT3ggHXeB7QRaF85Tj9dZFTPyBmAAAAZjBkBgkqhkiG9w0BBwagVzBVAgEAMFAGCSqGSIb3DQEHATAeBglghkgBZQMEAS4wEQQMpH+lxipoQ+wJqNLxAgEQgCOd8ljF6OCHgILsggqF2wizNe5tbeb/g751XINnCr0RjJy7TA==",
            "context": null,
            "id": "2020-01-22 19:41:56.208530506 +0000 UTC",
            "key_id": "9a4babf6-872e-457c-83c9-48a690dd3dbd",
            "plaintext": "H77mzB9m"
          },
          "private": "bnVsbA==",
          "dependencies": [
            "module.app.aws_kms_key.a",
            "module.app.random_password.password"
          ]
        }
      ]
    },
    {
      "module": "module.app",
      "mode": "managed",
      "type": "aws_kms_key",
      "name": "a",
      "provider": "module.app.provider.aws",
      "instances": [
        {
          "schema_version": 0,
          "attributes": {
            "arn": "arn:aws:kms:ap-southeast-1:438723512299:key/9a4babf6-872e-457c-83c9-48a690dd3dbd",
            "deletion_window_in_days": 15,
            "description": "KMS key 1",
            "enable_key_rotation": false,
            "id": "9a4babf6-872e-457c-83c9-48a690dd3dbd",
            "is_enabled": true,
            "key_id": "9a4babf6-872e-457c-83c9-48a690dd3dbd",
            "key_usage": "ENCRYPT_DECRYPT",
            "policy": "{\"Id\":\"key-default-1\",\"Statement\":[{\"Action\":\"kms:*\",\"Effect\":\"Allow\",\"Principal\":{\"AWS\":\"arn:aws:iam::438723512299:root\"},\"Resource\":\"*\",\"Sid\":\"Enable IAM User Permissions\"}],\"Version\":\"2012-10-17\"}",
            "tags": {}
          },
          "private": "bnVsbA=="
        }
      ]
    },
    {
      "module": "module.app",
      "mode": "managed",
      "type": "aws_route_table",
      "name": "prod_public_crt",
      "provider": "module.app.provider.aws",
      "instances": [
        {
          "schema_version": 0,
          "attributes": {
            "id": "rtb-04d8efc9ce49dc559",
            "owner_id": "438723512299",
            "propagating_vgws": [],
            "route": [
              {
                "cidr_block": "0.0.0.0/0",
                "egress_only_gateway_id": "",
                "gateway_id": "igw-0fb273a5a9ea33793",
                "instance_id": "",
                "ipv6_cidr_block": "",
                "nat_gateway_id": "",
                "network_interface_id": "",
                "transit_gateway_id": "",
                "vpc_peering_connection_id": ""
              }
            ],
            "tags": {},
            "vpc_id": "vpc-02397d6bb3322111a"
          },
          "private": "bnVsbA==",
          "dependencies": [
            "module.app.aws_internet_gateway.prod_igw",
            "module.app.aws_vpc.prod_vpc"
          ]
        }
      ]
    },
    {
      "module": "module.app",
      "mode": "managed",
      "type": "aws_route_table_association",
      "name": "prod_crta_public_subnet_1",
      "provider": "module.app.provider.aws",
      "instances": [
        {
          "schema_version": 0,
          "attributes": {
            "gateway_id": null,
            "id": "rtbassoc-0d007fdfabf0825e1",
            "route_table_id": "rtb-04d8efc9ce49dc559",
            "subnet_id": "subnet-0a00410348dcf61c1"
          },
          "private": "bnVsbA==",
          "dependencies": [
            "module.app.aws_internet_gateway.prod_igw",
            "module.app.aws_route_table.prod_public_crt",
            "module.app.aws_subnet.prod_subnet_public_1",
            "module.app.aws_vpc.prod_vpc"
          ]
        }
      ]
    },
    {
      "module": "module.app",
      "mode": "managed",
      "type": "aws_security_group",
      "name": "database_connection_allowed",
      "provider": "module.app.provider.aws",
      "instances": [
        {
          "schema_version": 1,
          "attributes": {
            "arn": "arn:aws:ec2:ap-southeast-1:438723512299:security-group/sg-0341a1317e4b5090a",
            "description": "Managed by Terraform",
            "egress": [
              {
                "cidr_blocks": [
                  "0.0.0.0/0"
                ],
                "description": "",
                "from_port": 0,
                "ipv6_cidr_blocks": [],
                "prefix_list_ids": [],
                "protocol": "-1",
                "security_groups": [],
                "self": false,
                "to_port": 0
              }
            ],
            "id": "sg-0341a1317e4b5090a",
            "ingress": [
              {
                "cidr_blocks": [
                  "10.63.1.0/24"
                ],
                "description": "",
                "from_port": 5432,
                "ipv6_cidr_blocks": [],
                "prefix_list_ids": [],
                "protocol": "tcp",
                "security_groups": [],
                "self": false,
                "to_port": 5432
              }
            ],
            "name": "terraform-20200122194158630300000003",
            "name_prefix": null,
            "owner_id": "438723512299",
            "revoke_rules_on_delete": false,
            "tags": {},
            "timeouts": null,
            "vpc_id": "vpc-02397d6bb3322111a"
          },
          "private": "eyJlMmJmYjczMC1lY2FhLTExZTYtOGY4OC0zNDM2M2JjN2M0YzAiOnsiY3JlYXRlIjo2MDAwMDAwMDAwMDAsImRlbGV0ZSI6NjAwMDAwMDAwMDAwfSwic2NoZW1hX3ZlcnNpb24iOiIxIn0=",
          "dependencies": [
            "module.app.aws_vpc.prod_vpc"
          ]
        }
      ]
    },
    {
      "module": "module.app",
      "mode": "managed",
      "type": "aws_security_group",
      "name": "ssh_http_allowed",
      "provider": "module.app.provider.aws",
      "instances": [
        {
          "schema_version": 1,
          "attributes": {
            "arn": "arn:aws:ec2:ap-southeast-1:438723512299:security-group/sg-0e740e6a59cd19cde",
            "description": "Managed by Terraform",
            "egress": [
              {
                "cidr_blocks": [
                  "0.0.0.0/0"
                ],
                "description": "",
                "from_port": 0,
                "ipv6_cidr_blocks": [],
                "prefix_list_ids": [],
                "protocol": "-1",
                "security_groups": [],
                "self": false,
                "to_port": 0
              }
            ],
            "id": "sg-0e740e6a59cd19cde",
            "ingress": [
              {
                "cidr_blocks": [
                  "0.0.0.0/0"
                ],
                "description": "",
                "from_port": 22,
                "ipv6_cidr_blocks": [],
                "prefix_list_ids": [],
                "protocol": "tcp",
                "security_groups": [],
                "self": false,
                "to_port": 22
              },
              {
                "cidr_blocks": [
                  "0.0.0.0/0"
                ],
                "description": "",
                "from_port": 80,
                "ipv6_cidr_blocks": [],
                "prefix_list_ids": [],
                "protocol": "tcp",
                "security_groups": [],
                "self": false,
                "to_port": 80
              }
            ],
            "name": "terraform-20200122194158628700000002",
            "name_prefix": null,
            "owner_id": "438723512299",
            "revoke_rules_on_delete": false,
            "tags": {},
            "timeouts": null,
            "vpc_id": "vpc-02397d6bb3322111a"
          },
          "private": "eyJlMmJmYjczMC1lY2FhLTExZTYtOGY4OC0zNDM2M2JjN2M0YzAiOnsiY3JlYXRlIjo2MDAwMDAwMDAwMDAsImRlbGV0ZSI6NjAwMDAwMDAwMDAwfSwic2NoZW1hX3ZlcnNpb24iOiIxIn0=",
          "dependencies": [
            "module.app.aws_vpc.prod_vpc"
          ]
        }
      ]
    },
    {
      "module": "module.app",
      "mode": "managed",
      "type": "aws_ssm_parameter",
      "name": "mydb_password",
      "provider": "module.app.provider.aws",
      "instances": [
        {
          "schema_version": 0,
          "attributes": {
            "allowed_pattern": "",
            "arn": "arn:aws:ssm:ap-southeast-1:438723512299:parameter/mydb_password",
            "description": "Encryted database password",
            "id": "mydb_password",
            "key_id": "alias/aws/ssm",
            "name": "mydb_password",
            "overwrite": null,
            "tags": {},
            "tier": "Standard",
            "type": "SecureString",
            "value": "AQICAHhNJ5T0I4zA+im6Vx152ELxxOL1lSDbqGVvk/OvAMT3ggHXeB7QRaF85Tj9dZFTPyBmAAAAZjBkBgkqhkiG9w0BBwagVzBVAgEAMFAGCSqGSIb3DQEHATAeBglghkgBZQMEAS4wEQQMpH+lxipoQ+wJqNLxAgEQgCOd8ljF6OCHgILsggqF2wizNe5tbeb/g751XINnCr0RjJy7TA==",
            "version": 1
          },
          "private": "bnVsbA==",
          "dependencies": [
            "module.app.aws_kms_ciphertext.mydb_password",
            "module.app.aws_kms_key.a",
            "module.app.random_password.password"
          ]
        }
      ]
    },
    {
      "module": "module.app",
      "mode": "managed",
      "type": "aws_subnet",
      "name": "prod_subnet_private_1",
      "provider": "module.app.provider.aws",
      "instances": [
        {
          "schema_version": 1,
          "attributes": {
            "arn": "arn:aws:ec2:ap-southeast-1:438723512299:subnet/subnet-02cf9db7ea9d2d898",
            "assign_ipv6_address_on_creation": false,
            "availability_zone": "ap-southeast-1a",
            "availability_zone_id": "apse1-az1",
            "cidr_block": "10.63.2.0/24",
            "id": "subnet-02cf9db7ea9d2d898",
            "ipv6_cidr_block": "",
            "ipv6_cidr_block_association_id": "",
            "map_public_ip_on_launch": false,
            "owner_id": "438723512299",
            "tags": {},
            "timeouts": null,
            "vpc_id": "vpc-02397d6bb3322111a"
          },
          "private": "eyJlMmJmYjczMC1lY2FhLTExZTYtOGY4OC0zNDM2M2JjN2M0YzAiOnsiY3JlYXRlIjo2MDAwMDAwMDAwMDAsImRlbGV0ZSI6MTIwMDAwMDAwMDAwMH0sInNjaGVtYV92ZXJzaW9uIjoiMSJ9",
          "dependencies": [
            "module.app.aws_vpc.prod_vpc"
          ]
        }
      ]
    },
    {
      "module": "module.app",
      "mode": "managed",
      "type": "aws_subnet",
      "name": "prod_subnet_public_1",
      "provider": "module.app.provider.aws",
      "instances": [
        {
          "schema_version": 1,
          "attributes": {
            "arn": "arn:aws:ec2:ap-southeast-1:438723512299:subnet/subnet-0a00410348dcf61c1",
            "assign_ipv6_address_on_creation": false,
            "availability_zone": "ap-southeast-1a",
            "availability_zone_id": "apse1-az1",
            "cidr_block": "10.63.1.0/24",
            "id": "subnet-0a00410348dcf61c1",
            "ipv6_cidr_block": "",
            "ipv6_cidr_block_association_id": "",
            "map_public_ip_on_launch": true,
            "owner_id": "438723512299",
            "tags": {},
            "timeouts": null,
            "vpc_id": "vpc-02397d6bb3322111a"
          },
          "private": "eyJlMmJmYjczMC1lY2FhLTExZTYtOGY4OC0zNDM2M2JjN2M0YzAiOnsiY3JlYXRlIjo2MDAwMDAwMDAwMDAsImRlbGV0ZSI6MTIwMDAwMDAwMDAwMH0sInNjaGVtYV92ZXJzaW9uIjoiMSJ9",
          "dependencies": [
            "module.app.aws_vpc.prod_vpc"
          ]
        }
      ]
    },
    {
      "module": "module.app",
      "mode": "managed",
      "type": "aws_subnet",
      "name": "prod_subnet_public_2",
      "provider": "module.app.provider.aws",
      "instances": [
        {
          "schema_version": 1,
          "attributes": {
            "arn": "arn:aws:ec2:ap-southeast-1:438723512299:subnet/subnet-0dff0a617b5f7e9ed",
            "assign_ipv6_address_on_creation": false,
            "availability_zone": "ap-southeast-1b",
            "availability_zone_id": "apse1-az2",
            "cidr_block": "10.63.10.0/24",
            "id": "subnet-0dff0a617b5f7e9ed",
            "ipv6_cidr_block": "",
            "ipv6_cidr_block_association_id": "",
            "map_public_ip_on_launch": true,
            "owner_id": "438723512299",
            "tags": {},
            "timeouts": null,
            "vpc_id": "vpc-02397d6bb3322111a"
          },
          "private": "eyJlMmJmYjczMC1lY2FhLTExZTYtOGY4OC0zNDM2M2JjN2M0YzAiOnsiY3JlYXRlIjo2MDAwMDAwMDAwMDAsImRlbGV0ZSI6MTIwMDAwMDAwMDAwMH0sInNjaGVtYV92ZXJzaW9uIjoiMSJ9",
          "dependencies": [
            "module.app.aws_vpc.prod_vpc"
          ]
        }
      ]
    },
    {
      "module": "module.app",
      "mode": "managed",
      "type": "aws_subnet",
      "name": "prod_subnet_public_3",
      "provider": "module.app.provider.aws",
      "instances": [
        {
          "schema_version": 1,
          "attributes": {
            "arn": "arn:aws:ec2:ap-southeast-1:438723512299:subnet/subnet-0dd577dfd6f69a47c",
            "assign_ipv6_address_on_creation": false,
            "availability_zone": "ap-southeast-1c",
            "availability_zone_id": "apse1-az3",
            "cidr_block": "10.63.20.0/24",
            "id": "subnet-0dd577dfd6f69a47c",
            "ipv6_cidr_block": "",
            "ipv6_cidr_block_association_id": "",
            "map_public_ip_on_launch": true,
            "owner_id": "438723512299",
            "tags": {},
            "timeouts": null,
            "vpc_id": "vpc-02397d6bb3322111a"
          },
          "private": "eyJlMmJmYjczMC1lY2FhLTExZTYtOGY4OC0zNDM2M2JjN2M0YzAiOnsiY3JlYXRlIjo2MDAwMDAwMDAwMDAsImRlbGV0ZSI6MTIwMDAwMDAwMDAwMH0sInNjaGVtYV92ZXJzaW9uIjoiMSJ9",
          "dependencies": [
            "module.app.aws_vpc.prod_vpc"
          ]
        }
      ]
    },
    {
      "module": "module.app",
      "mode": "managed",
      "type": "aws_vpc",
      "name": "prod_vpc",
      "provider": "module.app.provider.aws",
      "instances": [
        {
          "schema_version": 1,
          "attributes": {
            "arn": "arn:aws:ec2:ap-southeast-1:438723512299:vpc/vpc-02397d6bb3322111a",
            "assign_generated_ipv6_cidr_block": false,
            "cidr_block": "10.63.0.0/16",
            "default_network_acl_id": "acl-031d6799712926902",
            "default_route_table_id": "rtb-0955886e3ee5a28d2",
            "default_security_group_id": "sg-054e8c069ff576c57",
            "dhcp_options_id": "dopt-19dcd07e",
            "enable_classiclink": false,
            "enable_classiclink_dns_support": false,
            "enable_dns_hostnames": true,
            "enable_dns_support": true,
            "id": "vpc-02397d6bb3322111a",
            "instance_tenancy": "default",
            "ipv6_association_id": "",
            "ipv6_cidr_block": "",
            "main_route_table_id": "rtb-0955886e3ee5a28d2",
            "owner_id": "438723512299",
            "tags": {
              "Name": "prod_vpc"
            }
          },
          "private": "eyJzY2hlbWFfdmVyc2lvbiI6IjEifQ=="
        }
      ]
    },
    {
      "module": "module.app",
      "mode": "managed",
      "type": "random_password",
      "name": "password",
      "provider": "provider.random",
      "instances": [
        {
          "schema_version": 0,
          "attributes": {
            "id": "none",
            "keepers": null,
            "length": 8,
            "lower": true,
            "min_lower": 0,
            "min_numeric": 0,
            "min_special": 0,
            "min_upper": 0,
            "number": true,
            "override_special": null,
            "result": "H77mzB9m",
            "special": false,
            "upper": true
          },
          "private": "bnVsbA=="
        }
      ]
    }
  ]
}
